# This file was autogenerated by Stack.
# You should not edit this file by hand.
# For more information, please see the documentation at:
#   https://docs.haskellstack.org/en/stable/lock_files

packages:
- completed:
    hackage: polysemy-0.4.0.0@sha256:6dfd2070c9f1f8e64ba9fbeee2af59e2893cac8acb066c2c80cf6428e2ddcef9,4004
    pantry-tree:
      size: 2393
      sha256: a68185ec207fcb34a9065171ff364427cfb76e006545fb363ca3da870d5ba792
  original:
    hackage: polysemy-0.4.0.0@sha256:6dfd2070c9f1f8e64ba9fbeee2af59e2893cac8acb066c2c80cf6428e2ddcef9,4004
- completed:
    hackage: th-abstraction-0.3.1.0@sha256:96042f6658f2dccfac03b33f0fd59f62b1f65b9b0a765d8a2ea6026f4081ee4a,1838
    pantry-tree:
      size: 583
      sha256: ea48e150478824f88e1e8fc6baa4d23ee3cc1243ab2894dded8d61c9eaaa80ce
  original:
    hackage: th-abstraction-0.3.1.0@sha256:96042f6658f2dccfac03b33f0fd59f62b1f65b9b0a765d8a2ea6026f4081ee4a,1838
- completed:
    hackage: happstack-server-7.5.1.3@sha256:5cfaffa15fe97262d3856196add3e1f92a236e2c5e0afa5ec21ed36887513996,6449
    pantry-tree:
      size: 3201
      sha256: 819ad7fdcf9e97efd54c4046731b428b2a3154ffad23f221ec9a54c436870218
  original:
    hackage: happstack-server-7.5.1.3@sha256:5cfaffa15fe97262d3856196add3e1f92a236e2c5e0afa5ec21ed36887513996,6449
- completed:
    hackage: aeson-1.0.2.1@sha256:8448fa3aca09e02dc321ccd09ccf3ec3fab74109f170269552ba599fb054864d,5663
    pantry-tree:
      size: 5948
      sha256: 383f5305459693d8998433992200952349bec6efdb489736e19ab4451e644d69
  original:
    hackage: aeson-1.0.2.1@sha256:8448fa3aca09e02dc321ccd09ccf3ec3fab74109f170269552ba599fb054864d,5663
snapshots:
- completed:
    size: 499461
    url: https://raw.githubusercontent.com/commercialhaskell/stackage-snapshots/master/lts/13/25.yaml
    sha256: aed98969628e20615e96b06083c933c7e3354ae56b08b75e607a26569225d6c0
  original: lts-13.25
